
Microsoft Visual Studio Solution File, Format Version 12.00
# Visual Studio Express 2012 for Windows Desktop
Project("{8BC9CEB8-8B4A-11D0-8D11-00A0C91BC942}") = "OOPLab4", "OOPLab4\OOPLab4.vcxproj", "{3D13A11E-63DC-4D62-9DAD-051A7FF437CC}"
EndProject
Global
	GlobalSection(SolutionConfigurationPlatforms) = preSolution
		Debug|Win32 = Debug|Win32
		Release|Win32 = Release|Win32
	EndGlobalSection
	GlobalSection(ProjectConfigurationPlatforms) = postSolution
		{3D13A11E-63DC-4D62-9DAD-051A7FF437CC}.Debug|Win32.ActiveCfg = Debug|Win32
		{3D13A11E-63DC-4D62-9DAD-051A7FF437CC}.Debug|Win32.Build.0 = Debug|Win32
		{3D13A11E-63DC-4D62-9DAD-051A7FF437CC}.Release|Win32.ActiveCfg = Release|Win32
		{3D13A11E-63DC-4D62-9DAD-051A7FF437CC}.Release|Win32.Build.0 = Release|Win32
	EndGlobalSection
	GlobalSection(SolutionProperties) = preSolution
		HideSolutionNode = FALSE
	EndGlobalSection
EndGlobal
